// !$*UTF8*$!
{
	archiveVersion = 1;
	classes = {
	};
	objectVersion = 46;
	objects = {

/* Begin PBXBuildFile section */
		C20B6F221F01E34400AE5EED /* HomeViewController.swift in Sources */ = {isa = PBXBuildFile; fileRef = C20B6F211F01E34400AE5EED /* HomeViewController.swift */; };
		C20B6F241F01E38E00AE5EED /* CadastrarViewController.swift in Sources */ = {isa = PBXBuildFile; fileRef = C20B6F231F01E38E00AE5EED /* CadastrarViewController.swift */; };
		C20B6F261F01E3A300AE5EED /* ListarTableViewController.swift in Sources */ = {isa = PBXBuildFile; fileRef = C20B6F251F01E3A300AE5EED /* ListarTableViewController.swift */; };
		C20B6F281F01E3B600AE5EED /* ConfiguracoesViewController.swift in Sources */ = {isa = PBXBuildFile; fileRef = C20B6F271F01E3B600AE5EED /* ConfiguracoesViewController.swift */; };
		C20B6F331F01E96600AE5EED /* Atividade.swift in Sources */ = {isa = PBXBuildFile; fileRef = C20B6F321F01E96600AE5EED /* Atividade.swift */; };
		C22AEE481F01720600ABD825 /* AppDelegate.swift in Sources */ = {isa = PBXBuildFile; fileRef = C22AEE471F01720600ABD825 /* AppDelegate.swift */; };
		C22AEE4A1F01720600ABD825 /* ViewController.swift in Sources */ = {isa = PBXBuildFile; fileRef = C22AEE491F01720600ABD825 /* ViewController.swift */; };
		C22AEE4D1F01720600ABD825 /* Main.storyboard in Resources */ = {isa = PBXBuildFile; fileRef = C22AEE4B1F01720600ABD825 /* Main.storyboard */; };
		C22AEE4F1F01720600ABD825 /* Assets.xcassets in Resources */ = {isa = PBXBuildFile; fileRef = C22AEE4E1F01720600ABD825 /* Assets.xcassets */; };
		C22AEE521F01720600ABD825 /* LaunchScreen.storyboard in Resources */ = {isa = PBXBuildFile; fileRef = C22AEE501F01720600ABD825 /* LaunchScreen.storyboard */; };
		C268B03E1F0290C500D02019 /* Realm.framework in Frameworks */ = {isa = PBXBuildFile; fileRef = C268B03C1F0290C500D02019 /* Realm.framework */; };
		C268B03F1F0290C500D02019 /* Realm.framework in Embed Frameworks */ = {isa = PBXBuildFile; fileRef = C268B03C1F0290C500D02019 /* Realm.framework */; settings = {ATTRIBUTES = (CodeSignOnCopy, RemoveHeadersOnCopy, ); }; };
		C268B0401F0290C500D02019 /* RealmSwift.framework in Frameworks */ = {isa = PBXBuildFile; fileRef = C268B03D1F0290C500D02019 /* RealmSwift.framework */; };
		C268B0411F0290C500D02019 /* RealmSwift.framework in Embed Frameworks */ = {isa = PBXBuildFile; fileRef = C268B03D1F0290C500D02019 /* RealmSwift.framework */; settings = {ATTRIBUTES = (CodeSignOnCopy, RemoveHeadersOnCopy, ); }; };
/* End PBXBuildFile section */

/* Begin PBXCopyFilesBuildPhase section */
		C20B6F2F1F01E91300AE5EED /* Embed Frameworks */ = {
			isa = PBXCopyFilesBuildPhase;
			buildActionMask = 2147483647;
			dstPath = "";
			dstSubfolderSpec = 10;
			files = (
				C268B0411F0290C500D02019 /* RealmSwift.framework in Embed Frameworks */,
				C268B03F1F0290C500D02019 /* Realm.framework in Embed Frameworks */,
			);
			name = "Embed Frameworks";
			runOnlyForDeploymentPostprocessing = 0;
		};
/* End PBXCopyFilesBuildPhase section */

/* Begin PBXFileReference section */
		C20B6F211F01E34400AE5EED /* HomeViewController.swift */ = {isa = PBXFileReference; fileEncoding = 4; lastKnownFileType = sourcecode.swift; path = HomeViewController.swift; sourceTree = "<group>"; };
		C20B6F231F01E38E00AE5EED /* CadastrarViewController.swift */ = {isa = PBXFileReference; fileEncoding = 4; lastKnownFileType = sourcecode.swift; path = CadastrarViewController.swift; sourceTree = "<group>"; };
		C20B6F251F01E3A300AE5EED /* ListarTableViewController.swift */ = {isa = PBXFileReference; fileEncoding = 4; lastKnownFileType = sourcecode.swift; path = ListarTableViewController.swift; sourceTree = "<group>"; };
		C20B6F271F01E3B600AE5EED /* ConfiguracoesViewController.swift */ = {isa = PBXFileReference; fileEncoding = 4; lastKnownFileType = sourcecode.swift; path = ConfiguracoesViewController.swift; sourceTree = "<group>"; };
		C20B6F321F01E96600AE5EED /* Atividade.swift */ = {isa = PBXFileReference; fileEncoding = 4; lastKnownFileType = sourcecode.swift; path = Atividade.swift; sourceTree = "<group>"; };
		C22AEE441F01720600ABD825 /* ToDoProject.app */ = {isa = PBXFileReference; explicitFileType = wrapper.application; includeInIndex = 0; path = ToDoProject.app; sourceTree = BUILT_PRODUCTS_DIR; };
		C22AEE471F01720600ABD825 /* AppDelegate.swift */ = {isa = PBXFileReference; lastKnownFileType = sourcecode.swift; name = AppDelegate.swift; path = ToDoProject/AppDelegate.swift; sourceTree = "<group>"; };
		C22AEE491F01720600ABD825 /* ViewController.swift */ = {isa = PBXFileReference; lastKnownFileType = sourcecode.swift; name = ViewController.swift; path = ToDoProject/ViewController.swift; sourceTree = "<group>"; };
		C22AEE4C1F01720600ABD825 /* Base */ = {isa = PBXFileReference; lastKnownFileType = file.storyboard; name = Base; path = Base.lproj/Main.storyboard; sourceTree = "<group>"; };
		C22AEE4E1F01720600ABD825 /* Assets.xcassets */ = {isa = PBXFileReference; lastKnownFileType = folder.assetcatalog; name = Assets.xcassets; path = ToDoProject/Assets.xcassets; sourceTree = "<group>"; };
		C22AEE511F01720600ABD825 /* Base */ = {isa = PBXFileReference; lastKnownFileType = file.storyboard; name = Base; path = Base.lproj/LaunchScreen.storyboard; sourceTree = "<group>"; };
		C22AEE531F01720600ABD825 /* Info.plist */ = {isa = PBXFileReference; lastKnownFileType = text.plist.xml; name = Info.plist; path = ToDoProject/Info.plist; sourceTree = "<group>"; };
		C268B03C1F0290C500D02019 /* Realm.framework */ = {isa = PBXFileReference; lastKnownFileType = wrapper.framework; path = Realm.framework; sourceTree = "<group>"; };
		C268B03D1F0290C500D02019 /* RealmSwift.framework */ = {isa = PBXFileReference; lastKnownFileType = wrapper.framework; path = RealmSwift.framework; sourceTree = "<group>"; };
/* End PBXFileReference section */

/* Begin PBXFrameworksBuildPhase section */
		C22AEE411F01720600ABD825 /* Frameworks */ = {
			isa = PBXFrameworksBuildPhase;
			buildActionMask = 2147483647;
			files = (
				C268B0401F0290C500D02019 /* RealmSwift.framework in Frameworks */,
				C268B03E1F0290C500D02019 /* Realm.framework in Frameworks */,
			);
			runOnlyForDeploymentPostprocessing = 0;
		};
/* End PBXFrameworksBuildPhase section */

/* Begin PBXGroup section */
		C20B6F201F01E32100AE5EED /* Controllers */ = {
			isa = PBXGroup;
			children = (
				C20B6F211F01E34400AE5EED /* HomeViewController.swift */,
				C20B6F231F01E38E00AE5EED /* CadastrarViewController.swift */,
				C20B6F251F01E3A300AE5EED /* ListarTableViewController.swift */,
				C20B6F271F01E3B600AE5EED /* ConfiguracoesViewController.swift */,
			);
			name = Controllers;
			path = ToDoProject;
			sourceTree = "<group>";
		};
		C20B6F311F01E94600AE5EED /* Model */ = {
			isa = PBXGroup;
			children = (
				C20B6F321F01E96600AE5EED /* Atividade.swift */,
			);
			name = Model;
			path = ToDoProject;
			sourceTree = "<group>";
		};
		C22AEE3B1F01720600ABD825 = {
			isa = PBXGroup;
			children = (
				C268B03C1F0290C500D02019 /* Realm.framework */,
				C268B03D1F0290C500D02019 /* RealmSwift.framework */,
				C22AEE461F01720600ABD825 /* ToDoProject */,
				C20B6F311F01E94600AE5EED /* Model */,
				C20B6F201F01E32100AE5EED /* Controllers */,
				C22AEE471F01720600ABD825 /* AppDelegate.swift */,
				C22AEE491F01720600ABD825 /* ViewController.swift */,
				C22AEE4B1F01720600ABD825 /* Main.storyboard */,
				C22AEE4E1F01720600ABD825 /* Assets.xcassets */,
				C22AEE501F01720600ABD825 /* LaunchScreen.storyboard */,
				C22AEE531F01720600ABD825 /* Info.plist */,
				C22AEE451F01720600ABD825 /* Products */,
			);
			sourceTree = "<group>";
		};
		C22AEE451F01720600ABD825 /* Products */ = {
			isa = PBXGroup;
			children = (
				C22AEE441F01720600ABD825 /* ToDoProject.app */,
			);
			name = Products;
			sourceTree = "<group>";
		};
		C22AEE461F01720600ABD825 /* ToDoProject */ = {
			isa = PBXGroup;
			children = (
			);
			path = ToDoProject;
			sourceTree = "<group>";
		};
/* End PBXGroup section */

/* Begin PBXNativeTarget section */
		C22AEE431F01720600ABD825 /* ToDoProject */ = {
			isa = PBXNativeTarget;
			buildConfigurationList = C22AEE561F01720600ABD825 /* Build configuration list for PBXNativeTarget "ToDoProject" */;
			buildPhases = (
				C22AEE401F01720600ABD825 /* Sources */,
				C22AEE411F01720600ABD825 /* Frameworks */,
				C22AEE421F01720600ABD825 /* Resources */,
				C20B6F2F1F01E91300AE5EED /* Embed Frameworks */,
			);
			buildRules = (
			);
			dependencies = (
			);
			name = ToDoProject;
			productName = ToDoProject;
			productReference = C22AEE441F01720600ABD825 /* ToDoProject.app */;
			productType = "com.apple.product-type.application";
		};
/* End PBXNativeTarget section */

/* Begin PBXProject section */
		C22AEE3C1F01720600ABD825 /* Project object */ = {
			isa = PBXProject;
			attributes = {
				LastSwiftUpdateCheck = 0830;
				LastUpgradeCheck = 0830;
				ORGANIZATIONNAME = BEPiD;
				TargetAttributes = {
					C22AEE431F01720600ABD825 = {
						CreatedOnToolsVersion = 8.3;
						DevelopmentTeam = B33RKQE9R2;
						ProvisioningStyle = Automatic;
						SystemCapabilities = {
							com.apple.Keychain = {
								enabled = 0;
							};
						};
					};
				};
			};
			buildConfigurationList = C22AEE3F1F01720600ABD825 /* Build configuration list for PBXProject "ToDoProject" */;
			compatibilityVersion = "Xcode 3.2";
			developmentRegion = English;
			hasScannedForEncodings = 0;
			knownRegions = (
				en,
				Base,
			);
			mainGroup = C22AEE3B1F01720600ABD825;
			productRefGroup = C22AEE451F01720600ABD825 /* Products */;
			projectDirPath = "";
			projectRoot = "";
			targets = (
				C22AEE431F01720600ABD825 /* ToDoProject */,
			);
		};
/* End PBXProject section */

/* Begin PBXResourcesBuildPhase section */
		C22AEE421F01720600ABD825 /* Resources */ = {
			isa = PBXResourcesBuildPhase;
			buildActionMask = 2147483647;
			files = (
				C22AEE521F01720600ABD825 /* LaunchScreen.storyboard in Resources */,
				C22AEE4F1F01720600ABD825 /* Assets.xcassets in Resources */,
				C22AEE4D1F01720600ABD825 /* Main.storyboard in Resources */,
			);
			runOnlyForDeploymentPostprocessing = 0;
		};
/* End PBXResourcesBuildPhase section */

/* Begin PBXSourcesBuildPhase section */
		C22AEE401F01720600ABD825 /* Sources */ = {
			isa = PBXSourcesBuildPhase;
			buildActionMask = 2147483647;
			files = (
				C20B6F331F01E96600AE5EED /* Atividade.swift in Sources */,
				C20B6F241F01E38E00AE5EED /* CadastrarViewController.swift in Sources */,
				C22AEE4A1F01720600ABD825 /* ViewController.swift in Sources */,
				C22AEE481F01720600ABD825 /* AppDelegate.swift in Sources */,
				C20B6F281F01E3B600AE5EED /* ConfiguracoesViewController.swift in Sources */,
				C20B6F261F01E3A300AE5EED /* ListarTableViewController.swift in Sources */,
				C20B6F221F01E34400AE5EED /* HomeViewController.swift in Sources */,
			);
			runOnlyForDeploymentPostprocessing = 0;
		};
/* End PBXSourcesBuildPhase section */

/* Begin PBXVariantGroup section */
		C22AEE4B1F01720600ABD825 /* Main.storyboard */ = {
			isa = PBXVariantGroup;
			children = (
				C22AEE4C1F01720600ABD825 /* Base */,
			);
			name = Main.storyboard;
			path = ToDoProject;
			sourceTree = "<group>";
		};
		C22AEE501F01720600ABD825 /* LaunchScreen.storyboard */ = {
			isa = PBXVariantGroup;
			children = (
				C22AEE511F01720600ABD825 /* Base */,
			);
			name = LaunchScreen.storyboard;
			path = ToDoProject;
			sourceTree = "<group>";
		};
/* End PBXVariantGroup section */

/* Begin XCBuildConfiguration section */
		C22AEE541F01720600ABD825 /* Debug */ = {
			isa = XCBuildConfiguration;
			buildSettings = {
				ALWAYS_SEARCH_USER_PATHS = NO;
				CLANG_ANALYZER_NONNULL = YES;
				CLANG_ANALYZER_NUMBER_OBJECT_CONVERSION = YES_AGGRESSIVE;
				CLANG_CXX_LANGUAGE_STANDARD = "gnu++0x";
				CLANG_CXX_LIBRARY = "libc++";
				CLANG_ENABLE_MODULES = YES;
				CLANG_ENABLE_OBJC_ARC = YES;
				CLANG_WARN_BOOL_CONVERSION = YES;
				CLANG_WARN_CONSTANT_CONVERSION = YES;
				CLANG_WARN_DIRECT_OBJC_ISA_USAGE = YES_ERROR;
				CLANG_WARN_DOCUMENTATION_COMMENTS = YES;
				CLANG_WARN_EMPTY_BODY = YES;
				CLANG_WARN_ENUM_CONVERSION = YES;
				CLANG_WARN_INFINITE_RECURSION = YES;
				CLANG_WARN_INT_CONVERSION = YES;
				CLANG_WARN_OBJC_ROOT_CLASS = YES_ERROR;
				CLANG_WARN_SUSPICIOUS_MOVE = YES;
				CLANG_WARN_UNREACHABLE_CODE = YES;
				CLANG_WARN__DUPLICATE_METHOD_MATCH = YES;
				"CODE_SIGN_IDENTITY[sdk=iphoneos*]" = "iPhone Developer";
				COPY_PHASE_STRIP = NO;
				DEBUG_INFORMATION_FORMAT = dwarf;
				ENABLE_STRICT_OBJC_MSGSEND = YES;
				ENABLE_TESTABILITY = YES;
				GCC_C_LANGUAGE_STANDARD = gnu99;
				GCC_DYNAMIC_NO_PIC = NO;
				GCC_NO_COMMON_BLOCKS = YES;
				GCC_OPTIMIZATION_LEVEL = 0;
				GCC_PREPROCESSOR_DEFINITIONS = (
					"DEBUG=1",
					"$(inherited)",
				);
				GCC_WARN_64_TO_32_BIT_CONVERSION = YES;
				GCC_WARN_ABOUT_RETURN_TYPE = YES_ERROR;
				GCC_WARN_UNDECLARED_SELECTOR = YES;
				GCC_WARN_UNINITIALIZED_AUTOS = YES_AGGRESSIVE;
				GCC_WARN_UNUSED_FUNCTION = YES;
				GCC_WARN_UNUSED_VARIABLE = YES;
				IPHONEOS_DEPLOYMENT_TARGET = 10.3;
				MTL_ENABLE_DEBUG_INFO = YES;
				ONLY_ACTIVE_ARCH = YES;
				SDKROOT = iphoneos;
				SWIFT_ACTIVE_COMPILATION_CONDITIONS = DEBUG;
				SWIFT_OPTIMIZATION_LEVEL = "-Onone";
				TARGETED_DEVICE_FAMILY = "1,2";
			};
			name = Debug;
		};
		C22AEE551F01720600ABD825 /* Release */ = {
			isa = XCBuildConfiguration;
			buildSettings = {
				ALWAYS_SEARCH_USER_PATHS = NO;
				CLANG_ANALYZER_NONNULL = YES;
				CLANG_ANALYZER_NUMBER_OBJECT_CONVERSION = YES_AGGRESSIVE;
				CLANG_CXX_LANGUAGE_STANDARD = "gnu++0x";
				CLANG_CXX_LIBRARY = "libc++";
				CLANG_ENABLE_MODULES = YES;
				CLANG_ENABLE_OBJC_ARC = YES;
				CLANG_WARN_BOOL_CONVERSION = YES;
				CLANG_WARN_CONSTANT_CONVERSION = YES;
				CLANG_WARN_DIRECT_OBJC_ISA_USAGE = YES_ERROR;
				CLANG_WARN_DOCUMENTATION_COMMENTS = YES;
				CLANG_WARN_EMPTY_BODY = YES;
				CLANG_WARN_ENUM_CONVERSION = YES;
				CLANG_WARN_INFINITE_RECURSION = YES;
				CLANG_WARN_INT_CONVERSION = YES;
				CLANG_WARN_OBJC_ROOT_CLASS = YES_ERROR;
				CLANG_WARN_SUSPICIOUS_MOVE = YES;
				CLANG_WARN_UNREACHABLE_CODE = YES;
				CLANG_WARN__DUPLICATE_METHOD_MATCH = YES;
				"CODE_SIGN_IDENTITY[sdk=iphoneos*]" = "iPhone Developer";
				COPY_PHASE_STRIP = NO;
				DEBUG_INFORMATION_FORMAT = "dwarf-with-dsym";
				ENABLE_NS_ASSERTIONS = NO;
				ENABLE_STRICT_OBJC_MSGSEND = YES;
				GCC_C_LANGUAGE_STANDARD = gnu99;
				GCC_NO_COMMON_BLOCKS = YES;
				GCC_WARN_64_TO_32_BIT_CONVERSION = YES;
				GCC_WARN_ABOUT_RETURN_TYPE = YES_ERROR;
				GCC_WARN_UNDECLARED_SELECTOR = YES;
				GCC_WARN_UNINITIALIZED_AUTOS = YES_AGGRESSIVE;
				GCC_WARN_UNUSED_FUNCTION = YES;
				GCC_WARN_UNUSED_VARIABLE = YES;
				IPHONEOS_DEPLOYMENT_TARGET = 10.3;
				MTL_ENABLE_DEBUG_INFO = NO;
				SDKROOT = iphoneos;
				SWIFT_OPTIMIZATION_LEVEL = "-Owholemodule";
				TARGETED_DEVICE_FAMILY = "1,2";
				VALIDATE_PRODUCT = YES;
			};
			name = Release;
		};
		C22AEE571F01720600ABD825 /* Debug */ = {
			isa = XCBuildConfiguration;
			buildSettings = {
				ASSETCATALOG_COMPILER_APPICON_NAME = AppIcon;
				DEVELOPMENT_TEAM = B33RKQE9R2;
				FRAMEWORK_SEARCH_PATHS = (
					"$(inherited)",
					"$(PROJECT_DIR)",
				);
				INFOPLIST_FILE = ToDoProject/Info.plist;
				LD_RUNPATH_SEARCH_PATHS = "$(inherited) @executable_path/Frameworks";
				PRODUCT_BUNDLE_IDENTIFIER = br.com.bepiducb.ToDoProject;
				PRODUCT_NAME = "$(TARGET_NAME)";
				SWIFT_VERSION = 3.0;
			};
			name = Debug;
		};
		C22AEE581F01720600ABD825 /* Release */ = {
			isa = XCBuildConfiguration;
			buildSettings = {
				ASSETCATALOG_COMPILER_APPICON_NAME = AppIcon;
				DEVELOPMENT_TEAM = B33RKQE9R2;
				FRAMEWORK_SEARCH_PATHS = (
					"$(inherited)",
					"$(PROJECT_DIR)",
				);
				INFOPLIST_FILE = ToDoProject/Info.plist;
				LD_RUNPATH_SEARCH_PATHS = "$(inherited) @executable_path/Frameworks";
				PRODUCT_BUNDLE_IDENTIFIER = br.com.bepiducb.ToDoProject;
				PRODUCT_NAME = "$(TARGET_NAME)";
				SWIFT_VERSION = 3.0;
			};
			name = Release;
		};
/* End XCBuildConfiguration section */

/* Begin XCConfigurationList section */
		C22AEE3F1F01720600ABD825 /* Build configuration list for PBXProject "ToDoProject" */ = {
			isa = XCConfigurationList;
			buildConfigurations = (
				C22AEE541F01720600ABD825 /* Debug */,
				C22AEE551F01720600ABD825 /* Release */,
			);
			defaultConfigurationIsVisible = 0;
			defaultConfigurationName = Release;
		};
		C22AEE561F01720600ABD825 /* Build configuration list for PBXNativeTarget "ToDoProject" */ = {
			isa = XCConfigurationList;
			buildConfigurations = (
				C22AEE571F01720600ABD825 /* Debug */,
				C22AEE581F01720600ABD825 /* Release */,
			);
			defaultConfigurationIsVisible = 0;
			defaultConfigurationName = Release;
		};
/* End XCConfigurationList section */
	};
	rootObject = C22AEE3C1F01720600ABD825 /* Project object */;
}
